
Microsoft Visual Studio Solution File, Format Version 12.00
# Visual Studio Version 16
VisualStudioVersion = 16.0.30413.136
MinimumVisualStudioVersion = 10.0.40219.1
Project("{FAE04EC0-301F-11D3-BF4B-00C04F79EFBC}") = "SnakeFinished", "SnakeFinished.csproj", "{87360B37-02B5-45D8-9FE8-5D3F7EE64AC0}"
EndProject
Global
	GlobalSection(SolutionConfigurationPlatforms) = preSolution
		Debug|Any CPU = Debug|Any CPU
		Release|Any CPU = Release|Any CPU
	EndGlobalSection
	GlobalSection(ProjectConfigurationPlatforms) = postSolution
		{87360B37-02B5-45D8-9FE8-5D3F7EE64AC0}.Debug|Any CPU.ActiveCfg = Debug|Any CPU
		{87360B37-02B5-45D8-9FE8-5D3F7EE64AC0}.Debug|Any CPU.Build.0 = Debug|Any CPU
		{87360B37-02B5-45D8-9FE8-5D3F7EE64AC0}.Release|Any CPU.ActiveCfg = Release|Any CPU
		{87360B37-02B5-45D8-9FE8-5D3F7EE64AC0}.Release|Any CPU.Build.0 = Release|Any CPU
	EndGlobalSection
	GlobalSection(SolutionProperties) = preSolution
		HideSolutionNode = FALSE
	EndGlobalSection
	GlobalSection(ExtensibilityGlobals) = postSolution
		SolutionGuid = {81BB169C-B09D-44C4-9C04-FBA5A2A22579}
	EndGlobalSection
EndGlobal
